// !$*UTF8*$!
{
	archiveVersion = 1;
	classes = {
	};
	objectVersion = 50;
	objects = {

/* Begin PBXBuildFile section */
		CEC205172270DF2800350625 /* AppDelegate.swift in Sources */ = {isa = PBXBuildFile; fileRef = CEC205162270DF2800350625 /* AppDelegate.swift */; };
		CEC205192270DF2800350625 /* ViewController.swift in Sources */ = {isa = PBXBuildFile; fileRef = CEC205182270DF2800350625 /* ViewController.swift */; };
		CEC2051C2270DF2800350625 /* Main.storyboard in Resources */ = {isa = PBXBuildFile; fileRef = CEC2051A2270DF2800350625 /* Main.storyboard */; };
		CEC2051E2270DF2B00350625 /* Assets.xcassets in Resources */ = {isa = PBXBuildFile; fileRef = CEC2051D2270DF2B00350625 /* Assets.xcassets */; };
		CEC205212270DF2B00350625 /* LaunchScreen.storyboard in Resources */ = {isa = PBXBuildFile; fileRef = CEC2051F2270DF2B00350625 /* LaunchScreen.storyboard */; };
		CEC2052C2270DF2B00350625 /* TicTacToeTests.swift in Sources */ = {isa = PBXBuildFile; fileRef = CEC2052B2270DF2B00350625 /* TicTacToeTests.swift */; };
		CEC205372270DF2B00350625 /* TicTacToeUITests.swift in Sources */ = {isa = PBXBuildFile; fileRef = CEC205362270DF2B00350625 /* TicTacToeUITests.swift */; };
		CEC2054722968A3100350625 /* Nought.png in Resources */ = {isa = PBXBuildFile; fileRef = CEC2054422968A3000350625 /* Nought.png */; };
		CEC2054822968A3100350625 /* Cross.png in Resources */ = {isa = PBXBuildFile; fileRef = CEC2054522968A3000350625 /* Cross.png */; };
		CEC2054922968A3100350625 /* Board.png in Resources */ = {isa = PBXBuildFile; fileRef = CEC2054622968A3100350625 /* Board.png */; };
/* End PBXBuildFile section */

/* Begin PBXContainerItemProxy section */
		CEC205282270DF2B00350625 /* PBXContainerItemProxy */ = {
			isa = PBXContainerItemProxy;
			containerPortal = CEC2050B2270DF2800350625 /* Project object */;
			proxyType = 1;
			remoteGlobalIDString = CEC205122270DF2800350625;
			remoteInfo = TicTacToe;
		};
		CEC205332270DF2B00350625 /* PBXContainerItemProxy */ = {
			isa = PBXContainerItemProxy;
			containerPortal = CEC2050B2270DF2800350625 /* Project object */;
			proxyType = 1;
			remoteGlobalIDString = CEC205122270DF2800350625;
			remoteInfo = TicTacToe;
		};
/* End PBXContainerItemProxy section */

/* Begin PBXFileReference section */
		CEC205132270DF2800350625 /* TicTacToe.app */ = {isa = PBXFileReference; explicitFileType = wrapper.application; includeInIndex = 0; path = TicTacToe.app; sourceTree = BUILT_PRODUCTS_DIR; };
		CEC205162270DF2800350625 /* AppDelegate.swift */ = {isa = PBXFileReference; lastKnownFileType = sourcecode.swift; path = AppDelegate.swift; sourceTree = "<group>"; };
		CEC205182270DF2800350625 /* ViewController.swift */ = {isa = PBXFileReference; lastKnownFileType = sourcecode.swift; path = ViewController.swift; sourceTree = "<group>"; };
		CEC2051B2270DF2800350625 /* Base */ = {isa = PBXFileReference; lastKnownFileType = file.storyboard; name = Base; path = Base.lproj/Main.storyboard; sourceTree = "<group>"; };
		CEC2051D2270DF2B00350625 /* Assets.xcassets */ = {isa = PBXFileReference; lastKnownFileType = folder.assetcatalog; path = Assets.xcassets; sourceTree = "<group>"; };
		CEC205202270DF2B00350625 /* Base */ = {isa = PBXFileReference; lastKnownFileType = file.storyboard; name = Base; path = Base.lproj/LaunchScreen.storyboard; sourceTree = "<group>"; };
		CEC205222270DF2B00350625 /* Info.plist */ = {isa = PBXFileReference; lastKnownFileType = text.plist.xml; path = Info.plist; sourceTree = "<group>"; };
		CEC205272270DF2B00350625 /* TicTacToeTests.xctest */ = {isa = PBXFileReference; explicitFileType = wrapper.cfbundle; includeInIndex = 0; path = TicTacToeTests.xctest; sourceTree = BUILT_PRODUCTS_DIR; };
		CEC2052B2270DF2B00350625 /* TicTacToeTests.swift */ = {isa = PBXFileReference; lastKnownFileType = sourcecode.swift; path = TicTacToeTests.swift; sourceTree = "<group>"; };
		CEC2052D2270DF2B00350625 /* Info.plist */ = {isa = PBXFileReference; lastKnownFileType = text.plist.xml; path = Info.plist; sourceTree = "<group>"; };
		CEC205322270DF2B00350625 /* TicTacToeUITests.xctest */ = {isa = PBXFileReference; explicitFileType = wrapper.cfbundle; includeInIndex = 0; path = TicTacToeUITests.xctest; sourceTree = BUILT_PRODUCTS_DIR; };
		CEC205362270DF2B00350625 /* TicTacToeUITests.swift */ = {isa = PBXFileReference; lastKnownFileType = sourcecode.swift; path = TicTacToeUITests.swift; sourceTree = "<group>"; };
		CEC205382270DF2B00350625 /* Info.plist */ = {isa = PBXFileReference; lastKnownFileType = text.plist.xml; path = Info.plist; sourceTree = "<group>"; };
		CEC2054422968A3000350625 /* Nought.png */ = {isa = PBXFileReference; lastKnownFileType = image.png; path = Nought.png; sourceTree = "<group>"; };
		CEC2054522968A3000350625 /* Cross.png */ = {isa = PBXFileReference; lastKnownFileType = image.png; path = Cross.png; sourceTree = "<group>"; };
		CEC2054622968A3100350625 /* Board.png */ = {isa = PBXFileReference; lastKnownFileType = image.png; path = Board.png; sourceTree = "<group>"; };
/* End PBXFileReference section */

/* Begin PBXFrameworksBuildPhase section */
		CEC205102270DF2800350625 /* Frameworks */ = {
			isa = PBXFrameworksBuildPhase;
			buildActionMask = 2147483647;
			files = (
			);
			runOnlyForDeploymentPostprocessing = 0;
		};
		CEC205242270DF2B00350625 /* Frameworks */ = {
			isa = PBXFrameworksBuildPhase;
			buildActionMask = 2147483647;
			files = (
			);
			runOnlyForDeploymentPostprocessing = 0;
		};
		CEC2052F2270DF2B00350625 /* Frameworks */ = {
			isa = PBXFrameworksBuildPhase;
			buildActionMask = 2147483647;
			files = (
			);
			runOnlyForDeploymentPostprocessing = 0;
		};
/* End PBXFrameworksBuildPhase section */

/* Begin PBXGroup section */
		CEC2050A2270DF2800350625 = {
			isa = PBXGroup;
			children = (
				CEC205152270DF2800350625 /* TicTacToe */,
				CEC2052A2270DF2B00350625 /* TicTacToeTests */,
				CEC205352270DF2B00350625 /* TicTacToeUITests */,
				CEC205142270DF2800350625 /* Products */,
			);
			sourceTree = "<group>";
		};
		CEC205142270DF2800350625 /* Products */ = {
			isa = PBXGroup;
			children = (
				CEC205132270DF2800350625 /* TicTacToe.app */,
				CEC205272270DF2B00350625 /* TicTacToeTests.xctest */,
				CEC205322270DF2B00350625 /* TicTacToeUITests.xctest */,
			);
			name = Products;
			sourceTree = "<group>";
		};
		CEC205152270DF2800350625 /* TicTacToe */ = {
			isa = PBXGroup;
			children = (
				CEC205162270DF2800350625 /* AppDelegate.swift */,
				CEC205182270DF2800350625 /* ViewController.swift */,
				CEC2051A2270DF2800350625 /* Main.storyboard */,
				CEC2051D2270DF2B00350625 /* Assets.xcassets */,
				CEC2051F2270DF2B00350625 /* LaunchScreen.storyboard */,
				CEC205222270DF2B00350625 /* Info.plist */,
				CEC2054622968A3100350625 /* Board.png */,
				CEC2054522968A3000350625 /* Cross.png */,
				CEC2054422968A3000350625 /* Nought.png */,
			);
			path = TicTacToe;
			sourceTree = "<group>";
		};
		CEC2052A2270DF2B00350625 /* TicTacToeTests */ = {
			isa = PBXGroup;
			children = (
				CEC2052B2270DF2B00350625 /* TicTacToeTests.swift */,
				CEC2052D2270DF2B00350625 /* Info.plist */,
			);
			path = TicTacToeTests;
			sourceTree = "<group>";
		};
		CEC205352270DF2B00350625 /* TicTacToeUITests */ = {
			isa = PBXGroup;
			children = (
				CEC205362270DF2B00350625 /* TicTacToeUITests.swift */,
				CEC205382270DF2B00350625 /* Info.plist */,
			);
			path = TicTacToeUITests;
			sourceTree = "<group>";
		};
/* End PBXGroup section */

/* Begin PBXNativeTarget section */
		CEC205122270DF2800350625 /* TicTacToe */ = {
			isa = PBXNativeTarget;
			buildConfigurationList = CEC2053B2270DF2B00350625 /* Build configuration list for PBXNativeTarget "TicTacToe" */;
			buildPhases = (
				CEC2050F2270DF2800350625 /* Sources */,
				CEC205102270DF2800350625 /* Frameworks */,
				CEC205112270DF2800350625 /* Resources */,
			);
			buildRules = (
			);
			dependencies = (
			);
			name = TicTacToe;
			productName = TicTacToe;
			productReference = CEC205132270DF2800350625 /* TicTacToe.app */;
			productType = "com.apple.product-type.application";
		};
		CEC205262270DF2B00350625 /* TicTacToeTests */ = {
			isa = PBXNativeTarget;
			buildConfigurationList = CEC2053E2270DF2B00350625 /* Build configuration list for PBXNativeTarget "TicTacToeTests" */;
			buildPhases = (
				CEC205232270DF2B00350625 /* Sources */,
				CEC205242270DF2B00350625 /* Frameworks */,
				CEC205252270DF2B00350625 /* Resources */,
			);
			buildRules = (
			);
			dependencies = (
				CEC205292270DF2B00350625 /* PBXTargetDependency */,
			);
			name = TicTacToeTests;
			productName = TicTacToeTests;
			productReference = CEC205272270DF2B00350625 /* TicTacToeTests.xctest */;
			productType = "com.apple.product-type.bundle.unit-test";
		};
		CEC205312270DF2B00350625 /* TicTacToeUITests */ = {
			isa = PBXNativeTarget;
			buildConfigurationList = CEC205412270DF2B00350625 /* Build configuration list for PBXNativeTarget "TicTacToeUITests" */;
			buildPhases = (
				CEC2052E2270DF2B00350625 /* Sources */,
				CEC2052F2270DF2B00350625 /* Frameworks */,
				CEC205302270DF2B00350625 /* Resources */,
			);
			buildRules = (
			);
			dependencies = (
				CEC205342270DF2B00350625 /* PBXTargetDependency */,
			);
			name = TicTacToeUITests;
			productName = TicTacToeUITests;
			productReference = CEC205322270DF2B00350625 /* TicTacToeUITests.xctest */;
			productType = "com.apple.product-type.bundle.ui-testing";
		};
/* End PBXNativeTarget section */

/* Begin PBXProject section */
		CEC2050B2270DF2800350625 /* Project object */ = {
			isa = PBXProject;
			attributes = {
				LastSwiftUpdateCheck = 1010;
				LastUpgradeCheck = 1010;
				ORGANIZATIONNAME = user;
				TargetAttributes = {
					CEC205122270DF2800350625 = {
						CreatedOnToolsVersion = 10.1;
					};
					CEC205262270DF2B00350625 = {
						CreatedOnToolsVersion = 10.1;
						TestTargetID = CEC205122270DF2800350625;
					};
					CEC205312270DF2B00350625 = {
						CreatedOnToolsVersion = 10.1;
						TestTargetID = CEC205122270DF2800350625;
					};
				};
			};
			buildConfigurationList = CEC2050E2270DF2800350625 /* Build configuration list for PBXProject "TicTacToe" */;
			compatibilityVersion = "Xcode 9.3";
			developmentRegion = en;
			hasScannedForEncodings = 0;
			knownRegions = (
				en,
				Base,
			);
			mainGroup = CEC2050A2270DF2800350625;
			productRefGroup = CEC205142270DF2800350625 /* Products */;
			projectDirPath = "";
			projectRoot = "";
			targets = (
				CEC205122270DF2800350625 /* TicTacToe */,
				CEC205262270DF2B00350625 /* TicTacToeTests */,
				CEC205312270DF2B00350625 /* TicTacToeUITests */,
			);
		};
/* End PBXProject section */

/* Begin PBXResourcesBuildPhase section */
		CEC205112270DF2800350625 /* Resources */ = {
			isa = PBXResourcesBuildPhase;
			buildActionMask = 2147483647;
			files = (
				CEC2054922968A3100350625 /* Board.png in Resources */,
				CEC205212270DF2B00350625 /* LaunchScreen.storyboard in Resources */,
				CEC2051E2270DF2B00350625 /* Assets.xcassets in Resources */,
				CEC2054822968A3100350625 /* Cross.png in Resources */,
				CEC2054722968A3100350625 /* Nought.png in Resources */,
				CEC2051C2270DF2800350625 /* Main.storyboard in Resources */,
			);
			runOnlyForDeploymentPostprocessing = 0;
		};
		CEC205252270DF2B00350625 /* Resources */ = {
			isa = PBXResourcesBuildPhase;
			buildActionMask = 2147483647;
			files = (
			);
			runOnlyForDeploymentPostprocessing = 0;
		};
		CEC205302270DF2B00350625 /* Resources */ = {
			isa = PBXResourcesBuildPhase;
			buildActionMask = 2147483647;
			files = (
			);
			runOnlyForDeploymentPostprocessing = 0;
		};
/* End PBXResourcesBuildPhase section */

/* Begin PBXSourcesBuildPhase section */
		CEC2050F2270DF2800350625 /* Sources */ = {
			isa = PBXSourcesBuildPhase;
			buildActionMask = 2147483647;
			files = (
				CEC205192270DF2800350625 /* ViewController.swift in Sources */,
				CEC205172270DF2800350625 /* AppDelegate.swift in Sources */,
			);
			runOnlyForDeploymentPostprocessing = 0;
		};
		CEC205232270DF2B00350625 /* Sources */ = {
			isa = PBXSourcesBuildPhase;
			buildActionMask = 2147483647;
			files = (
				CEC2052C2270DF2B00350625 /* TicTacToeTests.swift in Sources */,
			);
			runOnlyForDeploymentPostprocessing = 0;
		};
		CEC2052E2270DF2B00350625 /* Sources */ = {
			isa = PBXSourcesBuildPhase;
			buildActionMask = 2147483647;
			files = (
				CEC205372270DF2B00350625 /* TicTacToeUITests.swift in Sources */,
			);
			runOnlyForDeploymentPostprocessing = 0;
		};
/* End PBXSourcesBuildPhase section */

/* Begin PBXTargetDependency section */
		CEC205292270DF2B00350625 /* PBXTargetDependency */ = {
			isa = PBXTargetDependency;
			target = CEC205122270DF2800350625 /* TicTacToe */;
			targetProxy = CEC205282270DF2B00350625 /* PBXContainerItemProxy */;
		};
		CEC205342270DF2B00350625 /* PBXTargetDependency */ = {
			isa = PBXTargetDependency;
			target = CEC205122270DF2800350625 /* TicTacToe */;
			targetProxy = CEC205332270DF2B00350625 /* PBXContainerItemProxy */;
		};
/* End PBXTargetDependency section */

/* Begin PBXVariantGroup section */
		CEC2051A2270DF2800350625 /* Main.storyboard */ = {
			isa = PBXVariantGroup;
			children = (
				CEC2051B2270DF2800350625 /* Base */,
			);
			name = Main.storyboard;
			sourceTree = "<group>";
		};
		CEC2051F2270DF2B00350625 /* LaunchScreen.storyboard */ = {
			isa = PBXVariantGroup;
			children = (
				CEC205202270DF2B00350625 /* Base */,
			);
			name = LaunchScreen.storyboard;
			sourceTree = "<group>";
		};
/* End PBXVariantGroup section */

/* Begin XCBuildConfiguration section */
		CEC205392270DF2B00350625 /* Debug */ = {
			isa = XCBuildConfiguration;
			buildSettings = {
				ALWAYS_SEARCH_USER_PATHS = NO;
				CLANG_ANALYZER_NONNULL = YES;
				CLANG_ANALYZER_NUMBER_OBJECT_CONVERSION = YES_AGGRESSIVE;
				CLANG_CXX_LANGUAGE_STANDARD = "gnu++14";
				CLANG_CXX_LIBRARY = "libc++";
				CLANG_ENABLE_MODULES = YES;
				CLANG_ENABLE_OBJC_ARC = YES;
				CLANG_ENABLE_OBJC_WEAK = YES;
				CLANG_WARN_BLOCK_CAPTURE_AUTORELEASING = YES;
				CLANG_WARN_BOOL_CONVERSION = YES;
				CLANG_WARN_COMMA = YES;
				CLANG_WARN_CONSTANT_CONVERSION = YES;
				CLANG_WARN_DEPRECATED_OBJC_IMPLEMENTATIONS = YES;
				CLANG_WARN_DIRECT_OBJC_ISA_USAGE = YES_ERROR;
				CLANG_WARN_DOCUMENTATION_COMMENTS = YES;
				CLANG_WARN_EMPTY_BODY = YES;
				CLANG_WARN_ENUM_CONVERSION = YES;
				CLANG_WARN_INFINITE_RECURSION = YES;
				CLANG_WARN_INT_CONVERSION = YES;
				CLANG_WARN_NON_LITERAL_NULL_CONVERSION = YES;
				CLANG_WARN_OBJC_IMPLICIT_RETAIN_SELF = YES;
				CLANG_WARN_OBJC_LITERAL_CONVERSION = YES;
				CLANG_WARN_OBJC_ROOT_CLASS = YES_ERROR;
				CLANG_WARN_RANGE_LOOP_ANALYSIS = YES;
				CLANG_WARN_STRICT_PROTOTYPES = YES;
				CLANG_WARN_SUSPICIOUS_MOVE = YES;
				CLANG_WARN_UNGUARDED_AVAILABILITY = YES_AGGRESSIVE;
				CLANG_WARN_UNREACHABLE_CODE = YES;
				CLANG_WARN__DUPLICATE_METHOD_MATCH = YES;
				CODE_SIGN_IDENTITY = "iPhone Developer";
				COPY_PHASE_STRIP = NO;
				DEBUG_INFORMATION_FORMAT = dwarf;
				ENABLE_STRICT_OBJC_MSGSEND = YES;
				ENABLE_TESTABILITY = YES;
				GCC_C_LANGUAGE_STANDARD = gnu11;
				GCC_DYNAMIC_NO_PIC = NO;
				GCC_NO_COMMON_BLOCKS = YES;
				GCC_OPTIMIZATION_LEVEL = 0;
				GCC_PREPROCESSOR_DEFINITIONS = (
					"DEBUG=1",
					"$(inherited)",
				);
				GCC_WARN_64_TO_32_BIT_CONVERSION = YES;
				GCC_WARN_ABOUT_RETURN_TYPE = YES_ERROR;
				GCC_WARN_UNDECLARED_SELECTOR = YES;
				GCC_WARN_UNINITIALIZED_AUTOS = YES_AGGRESSIVE;
				GCC_WARN_UNUSED_FUNCTION = YES;
				GCC_WARN_UNUSED_VARIABLE = YES;
				IPHONEOS_DEPLOYMENT_TARGET = 12.1;
				MTL_ENABLE_DEBUG_INFO = INCLUDE_SOURCE;
				MTL_FAST_MATH = YES;
				ONLY_ACTIVE_ARCH = YES;
				SDKROOT = iphoneos;
				SWIFT_ACTIVE_COMPILATION_CONDITIONS = DEBUG;
				SWIFT_OPTIMIZATION_LEVEL = "-Onone";
			};
			name = Debug;
		};
		CEC2053A2270DF2B00350625 /* Release */ = {
			isa = XCBuildConfiguration;
			buildSettings = {
				ALWAYS_SEARCH_USER_PATHS = NO;
				CLANG_ANALYZER_NONNULL = YES;
				CLANG_ANALYZER_NUMBER_OBJECT_CONVERSION = YES_AGGRESSIVE;
				CLANG_CXX_LANGUAGE_STANDARD = "gnu++14";
				CLANG_CXX_LIBRARY = "libc++";
				CLANG_ENABLE_MODULES = YES;
				CLANG_ENABLE_OBJC_ARC = YES;
				CLANG_ENABLE_OBJC_WEAK = YES;
				CLANG_WARN_BLOCK_CAPTURE_AUTORELEASING = YES;
				CLANG_WARN_BOOL_CONVERSION = YES;
				CLANG_WARN_COMMA = YES;
				CLANG_WARN_CONSTANT_CONVERSION = YES;
				CLANG_WARN_DEPRECATED_OBJC_IMPLEMENTATIONS = YES;
				CLANG_WARN_DIRECT_OBJC_ISA_USAGE = YES_ERROR;
				CLANG_WARN_DOCUMENTATION_COMMENTS = YES;
				CLANG_WARN_EMPTY_BODY = YES;
				CLANG_WARN_ENUM_CONVERSION = YES;
				CLANG_WARN_INFINITE_RECURSION = YES;
				CLANG_WARN_INT_CONVERSION = YES;
				CLANG_WARN_NON_LITERAL_NULL_CONVERSION = YES;
				CLANG_WARN_OBJC_IMPLICIT_RETAIN_SELF = YES;
				CLANG_WARN_OBJC_LITERAL_CONVERSION = YES;
				CLANG_WARN_OBJC_ROOT_CLASS = YES_ERROR;
				CLANG_WARN_RANGE_LOOP_ANALYSIS = YES;
				CLANG_WARN_STRICT_PROTOTYPES = YES;
				CLANG_WARN_SUSPICIOUS_MOVE = YES;
				CLANG_WARN_UNGUARDED_AVAILABILITY = YES_AGGRESSIVE;
				CLANG_WARN_UNREACHABLE_CODE = YES;
				CLANG_WARN__DUPLICATE_METHOD_MATCH = YES;
				CODE_SIGN_IDENTITY = "iPhone Developer";
				COPY_PHASE_STRIP = NO;
				DEBUG_INFORMATION_FORMAT = "dwarf-with-dsym";
				ENABLE_NS_ASSERTIONS = NO;
				ENABLE_STRICT_OBJC_MSGSEND = YES;
				GCC_C_LANGUAGE_STANDARD = gnu11;
				GCC_NO_COMMON_BLOCKS = YES;
				GCC_WARN_64_TO_32_BIT_CONVERSION = YES;
				GCC_WARN_ABOUT_RETURN_TYPE = YES_ERROR;
				GCC_WARN_UNDECLARED_SELECTOR = YES;
				GCC_WARN_UNINITIALIZED_AUTOS = YES_AGGRESSIVE;
				GCC_WARN_UNUSED_FUNCTION = YES;
				GCC_WARN_UNUSED_VARIABLE = YES;
				IPHONEOS_DEPLOYMENT_TARGET = 12.1;
				MTL_ENABLE_DEBUG_INFO = NO;
				MTL_FAST_MATH = YES;
				SDKROOT = iphoneos;
				SWIFT_COMPILATION_MODE = wholemodule;
				SWIFT_OPTIMIZATION_LEVEL = "-O";
				VALIDATE_PRODUCT = YES;
			};
			name = Release;
		};
		CEC2053C2270DF2B00350625 /* Debug */ = {
			isa = XCBuildConfiguration;
			buildSettings = {
				ASSETCATALOG_COMPILER_APPICON_NAME = AppIcon;
				CODE_SIGN_STYLE = Automatic;
				INFOPLIST_FILE = TicTacToe/Info.plist;
				LD_RUNPATH_SEARCH_PATHS = (
					"$(inherited)",
					"@executable_path/Frameworks",
				);
				PRODUCT_BUNDLE_IDENTIFIER = com.company.TicTacToe;
				PRODUCT_NAME = "$(TARGET_NAME)";
				SWIFT_VERSION = 4.2;
				TARGETED_DEVICE_FAMILY = "1,2";
			};
			name = Debug;
		};
		CEC2053D2270DF2B00350625 /* Release */ = {
			isa = XCBuildConfiguration;
			buildSettings = {
				ASSETCATALOG_COMPILER_APPICON_NAME = AppIcon;
				CODE_SIGN_STYLE = Automatic;
				INFOPLIST_FILE = TicTacToe/Info.plist;
				LD_RUNPATH_SEARCH_PATHS = (
					"$(inherited)",
					"@executable_path/Frameworks",
				);
				PRODUCT_BUNDLE_IDENTIFIER = com.company.TicTacToe;
				PRODUCT_NAME = "$(TARGET_NAME)";
				SWIFT_VERSION = 4.2;
				TARGETED_DEVICE_FAMILY = "1,2";
			};
			name = Release;
		};
		CEC2053F2270DF2B00350625 /* Debug */ = {
			isa = XCBuildConfiguration;
			buildSettings = {
				ALWAYS_EMBED_SWIFT_STANDARD_LIBRARIES = YES;
				BUNDLE_LOADER = "$(TEST_HOST)";
				CODE_SIGN_STYLE = Automatic;
				INFOPLIST_FILE = TicTacToeTests/Info.plist;
				LD_RUNPATH_SEARCH_PATHS = (
					"$(inherited)",
					"@executable_path/Frameworks",
					"@loader_path/Frameworks",
				);
				PRODUCT_BUNDLE_IDENTIFIER = com.company.TicTacToeTests;
				PRODUCT_NAME = "$(TARGET_NAME)";
				SWIFT_VERSION = 4.2;
				TARGETED_DEVICE_FAMILY = "1,2";
				TEST_HOST = "$(BUILT_PRODUCTS_DIR)/TicTacToe.app/TicTacToe";
			};
			name = Debug;
		};
		CEC205402270DF2B00350625 /* Release */ = {
			isa = XCBuildConfiguration;
			buildSettings = {
				ALWAYS_EMBED_SWIFT_STANDARD_LIBRARIES = YES;
				BUNDLE_LOADER = "$(TEST_HOST)";
				CODE_SIGN_STYLE = Automatic;
				INFOPLIST_FILE = TicTacToeTests/Info.plist;
				LD_RUNPATH_SEARCH_PATHS = (
					"$(inherited)",
					"@executable_path/Frameworks",
					"@loader_path/Frameworks",
				);
				PRODUCT_BUNDLE_IDENTIFIER = com.company.TicTacToeTests;
				PRODUCT_NAME = "$(TARGET_NAME)";
				SWIFT_VERSION = 4.2;
				TARGETED_DEVICE_FAMILY = "1,2";
				TEST_HOST = "$(BUILT_PRODUCTS_DIR)/TicTacToe.app/TicTacToe";
			};
			name = Release;
		};
		CEC205422270DF2B00350625 /* Debug */ = {
			isa = XCBuildConfiguration;
			buildSettings = {
				ALWAYS_EMBED_SWIFT_STANDARD_LIBRARIES = YES;
				CODE_SIGN_STYLE = Automatic;
				INFOPLIST_FILE = TicTacToeUITests/Info.plist;
				LD_RUNPATH_SEARCH_PATHS = (
					"$(inherited)",
					"@executable_path/Frameworks",
					"@loader_path/Frameworks",
				);
				PRODUCT_BUNDLE_IDENTIFIER = com.company.TicTacToeUITests;
				PRODUCT_NAME = "$(TARGET_NAME)";
				SWIFT_VERSION = 4.2;
				TARGETED_DEVICE_FAMILY = "1,2";
				TEST_TARGET_NAME = TicTacToe;
			};
			name = Debug;
		};
		CEC205432270DF2B00350625 /* Release */ = {
			isa = XCBuildConfiguration;
			buildSettings = {
				ALWAYS_EMBED_SWIFT_STANDARD_LIBRARIES = YES;
				CODE_SIGN_STYLE = Automatic;
				INFOPLIST_FILE = TicTacToeUITests/Info.plist;
				LD_RUNPATH_SEARCH_PATHS = (
					"$(inherited)",
					"@executable_path/Frameworks",
					"@loader_path/Frameworks",
				);
				PRODUCT_BUNDLE_IDENTIFIER = com.company.TicTacToeUITests;
				PRODUCT_NAME = "$(TARGET_NAME)";
				SWIFT_VERSION = 4.2;
				TARGETED_DEVICE_FAMILY = "1,2";
				TEST_TARGET_NAME = TicTacToe;
			};
			name = Release;
		};
/* End XCBuildConfiguration section */

/* Begin XCConfigurationList section */
		CEC2050E2270DF2800350625 /* Build configuration list for PBXProject "TicTacToe" */ = {
			isa = XCConfigurationList;
			buildConfigurations = (
				CEC205392270DF2B00350625 /* Debug */,
				CEC2053A2270DF2B00350625 /* Release */,
			);
			defaultConfigurationIsVisible = 0;
			defaultConfigurationName = Release;
		};
		CEC2053B2270DF2B00350625 /* Build configuration list for PBXNativeTarget "TicTacToe" */ = {
			isa = XCConfigurationList;
			buildConfigurations = (
				CEC2053C2270DF2B00350625 /* Debug */,
				CEC2053D2270DF2B00350625 /* Release */,
			);
			defaultConfigurationIsVisible = 0;
			defaultConfigurationName = Release;
		};
		CEC2053E2270DF2B00350625 /* Build configuration list for PBXNativeTarget "TicTacToeTests" */ = {
			isa = XCConfigurationList;
			buildConfigurations = (
				CEC2053F2270DF2B00350625 /* Debug */,
				CEC205402270DF2B00350625 /* Release */,
			);
			defaultConfigurationIsVisible = 0;
			defaultConfigurationName = Release;
		};
		CEC205412270DF2B00350625 /* Build configuration list for PBXNativeTarget "TicTacToeUITests" */ = {
			isa = XCConfigurationList;
			buildConfigurations = (
				CEC205422270DF2B00350625 /* Debug */,
				CEC205432270DF2B00350625 /* Release */,
			);
			defaultConfigurationIsVisible = 0;
			defaultConfigurationName = Release;
		};
/* End XCConfigurationList section */
	};
	rootObject = CEC2050B2270DF2800350625 /* Project object */;
}
